
Microsoft Visual Studio Solution File, Format Version 12.00
# Visual Studio Version 17
VisualStudioVersion = 17.7.33711.374
MinimumVisualStudioVersion = 10.0.40219.1
Project("{FAE04EC0-301F-11D3-BF4B-00C04F79EFBC}") = "C# - Bilgi Yarışması", "C# - Bilgi Yarışması\C# - Bilgi Yarışması.csproj", "{BD1C266A-6A1F-4DEB-982C-D3E6FE762884}"
EndProject
Global
	GlobalSection(SolutionConfigurationPlatforms) = preSolution
		Debug|Any CPU = Debug|Any CPU
		Release|Any CPU = Release|Any CPU
	EndGlobalSection
	GlobalSection(ProjectConfigurationPlatforms) = postSolution
		{BD1C266A-6A1F-4DEB-982C-D3E6FE762884}.Debug|Any CPU.ActiveCfg = Debug|Any CPU
		{BD1C266A-6A1F-4DEB-982C-D3E6FE762884}.Debug|Any CPU.Build.0 = Debug|Any CPU
		{BD1C266A-6A1F-4DEB-982C-D3E6FE762884}.Release|Any CPU.ActiveCfg = Release|Any CPU
		{BD1C266A-6A1F-4DEB-982C-D3E6FE762884}.Release|Any CPU.Build.0 = Release|Any CPU
	EndGlobalSection
	GlobalSection(SolutionProperties) = preSolution
		HideSolutionNode = FALSE
	EndGlobalSection
	GlobalSection(ExtensibilityGlobals) = postSolution
		SolutionGuid = {EBEDDF89-7B91-49E7-BA49-59E317837460}
	EndGlobalSection
EndGlobal
